Microsoft Visual Studio Solution File, Format Version 12.00
# Visual Studio Version 17
VisualStudioVersion = 17.5.2.0
MinimumVisualStudioVersion = 10.0.40219.1
Project("{FAE04EC0-301F-11D3-BF4B-00C04F79EFBC}") = "MySecondTestAppCalculator", "MySecondTestAppCalculator.csproj", "{C1D19DB3-3D11-4FDE-7ABD-A35BA7D74E3A}"
EndProject
Global
	GlobalSection(SolutionConfigurationPlatforms) = preSolution
		Debug|Any CPU = Debug|Any CPU
		Release|Any CPU = Release|Any CPU
	EndGlobalSection
	GlobalSection(ProjectConfigurationPlatforms) = postSolution
		{C1D19DB3-3D11-4FDE-7ABD-A35BA7D74E3A}.Debug|Any CPU.ActiveCfg = Debug|Any CPU
		{C1D19DB3-3D11-4FDE-7ABD-A35BA7D74E3A}.Debug|Any CPU.Build.0 = Debug|Any CPU
		{C1D19DB3-3D11-4FDE-7ABD-A35BA7D74E3A}.Release|Any CPU.ActiveCfg = Release|Any CPU
		{C1D19DB3-3D11-4FDE-7ABD-A35BA7D74E3A}.Release|Any CPU.Build.0 = Release|Any CPU
	EndGlobalSection
	GlobalSection(SolutionProperties) = preSolution
		HideSolutionNode = FALSE
	EndGlobalSection
	GlobalSection(ExtensibilityGlobals) = postSolution
		SolutionGuid = {A9755B36-48C1-4BAD-AEA1-E08F66F6CECA}
	EndGlobalSection
EndGlobal
